
Microsoft Visual Studio Solution File, Format Version 12.00
# Visual Studio Version 17
VisualStudioVersion = 17.9.34607.119
MinimumVisualStudioVersion = 10.0.40219.1
Project("{8BC9CEB8-8B4A-11D0-8D11-00A0C91BC942}") = "BOJ_16212", "BOJ_16212.vcxproj", "{00942DA0-198E-4AE7-B9E2-C4B3FCAF7427}"
EndProject
Global
	GlobalSection(SolutionConfigurationPlatforms) = preSolution
		Debug|x64 = Debug|x64
		Release|x64 = Release|x64
	EndGlobalSection
	GlobalSection(ProjectConfigurationPlatforms) = postSolution
		{00942DA0-198E-4AE7-B9E2-C4B3FCAF7427}.Debug|x64.ActiveCfg = Debug|x64
		{00942DA0-198E-4AE7-B9E2-C4B3FCAF7427}.Debug|x64.Build.0 = Debug|x64
		{00942DA0-198E-4AE7-B9E2-C4B3FCAF7427}.Release|x64.ActiveCfg = Release|x64
		{00942DA0-198E-4AE7-B9E2-C4B3FCAF7427}.Release|x64.Build.0 = Release|x64
	EndGlobalSection
	GlobalSection(SolutionProperties) = preSolution
		HideSolutionNode = FALSE
	EndGlobalSection
	GlobalSection(ExtensibilityGlobals) = postSolution
		SolutionGuid = {B0160EC4-F134-4D07-854D-6DE9B3C26F0A}
	EndGlobalSection
EndGlobal
